<?xml version="1.0" encoding="utf-8"?>
<Project ToolsVersion="4.0" xmlns="http://schemas.microsoft.com/developer/msbuild/2003">
  <ItemGroup>
    <FxCompile Include="ParticleGS.hlsl" />
    <FxCompile Include="ParticlePS.hlsl" />
    <FxCompile Include="ParticleVS.hlsl" />
    <FxCompile Include="PixelShader.hlsl" />
    <FxCompile Include="SpawnGS.hlsl" />
    <FxCompile Include="SpawnVS.hlsl" />
    <FxCompile Include="SkyboxPS.hlsl" />
    <FxCompile Include="SkyboxVS.hlsl" />
    <FxCompile Include="TerrainVS.hlsl" />
    <FxCompile Include="VertexShader.hlsl" />
    <FxCompile Include="DepthOfFieldPS.hlsl" />
    <FxCompile Include="DepthOfFieldVS.hlsl" />
    <FxCompile Include="DepthOfFieldBlurPS.hlsl" />
    <FxCompile Include="DepthVS.hlsl" />
  </ItemGroup>
  <ItemGroup>
    <ClCompile Include="Camera.cpp" />
    <ClCompile Include="DXCore.cpp" />
    <ClCompile Include="Entity.cpp" />
    <ClCompile Include="Game.cpp" />
    <ClCompile Include="Main.cpp" />
    <ClCompile Include="Material.cpp" />
    <ClCompile Include="Mesh.cpp" />
    <ClCompile Include="MusicNode.cpp" />
    <ClCompile Include="MusicNodeManager.cpp" />
    <ClCompile Include="ParticleEmitter.cpp" />
    <ClCompile Include="ParticleManager.cpp" />
    <ClCompile Include="Player.cpp" />
    <ClCompile Include="Rail.cpp" />
    <ClCompile Include="RailSet.cpp" />
    <ClCompile Include="Recycler.cpp" />
    <ClCompile Include="SimpleShader.cpp" />
  </ItemGroup>
  <ItemGroup>
    <ClInclude Include="Camera.h" />
    <ClInclude Include="DXCore.h" />
    <ClInclude Include="Entity.h" />
    <ClInclude Include="Game.h" />
    <ClInclude Include="Lights.h" />
    <ClInclude Include="Material.h" />
    <ClInclude Include="Mesh.h" />
    <ClInclude Include="MusicNode.h" />
    <ClInclude Include="MusicNodeManager.h" />
    <ClInclude Include="Particle.h" />
    <ClInclude Include="ParticleManager.h" />
    <ClInclude Include="ParticleEmitter.h" />
    <ClInclude Include="Player.h" />
    <ClInclude Include="Rail.h" />
    <ClInclude Include="RailSet.h" />
    <ClInclude Include="Recycler.h" />
    <ClInclude Include="SimpleShader.h" />
    <ClInclude Include="SMParser.h" />
    <ClInclude Include="Vertex.h" />
  </ItemGroup>
  <ItemGroup>
    <None Include="packages.config" />
  </ItemGroup>
</Project>