
Microsoft Visual Studio Solution File, Format Version 12.00
# Visual Studio 2015
Project("{FAE04EC0-301F-11D3-BF4B-00C04F79EFBC}") = "RhythmGamePrototype", "RhythmGamePrototype.csproj", "{B2AA3272-F4BA-FCF1-9A18-73CCE03DEEC2}"
EndProject
Global
	GlobalSection(SolutionConfigurationPlatforms) = preSolution
		Debug|Any CPU = Debug|Any CPU
		Release|Any CPU = Release|Any CPU
	EndGlobalSection
	GlobalSection(ProjectConfigurationPlatforms) = postSolution
		{B2AA3272-F4BA-FCF1-9A18-73CCE03DEEC2}.Debug|Any CPU.ActiveCfg = Debug|Any CPU
		{B2AA3272-F4BA-FCF1-9A18-73CCE03DEEC2}.Debug|Any CPU.Build.0 = Debug|Any CPU
		{B2AA3272-F4BA-FCF1-9A18-73CCE03DEEC2}.Release|Any CPU.ActiveCfg = Release|Any CPU
		{B2AA3272-F4BA-FCF1-9A18-73CCE03DEEC2}.Release|Any CPU.Build.0 = Release|Any CPU
	EndGlobalSection
	GlobalSection(SolutionProperties) = preSolution
		HideSolutionNode = FALSE
	EndGlobalSection
EndGlobal
